
Microsoft Visual Studio Solution File, Format Version 12.00
# Visual Studio Version 17
VisualStudioVersion = 17.4.33122.133
MinimumVisualStudioVersion = 10.0.40219.1
Project("{FAE04EC0-301F-11D3-BF4B-00C04F79EFBC}") = "TestPruebaTecnica", "TestPruebaTecnica\TestPruebaTecnica.csproj", "{BCFBAD95-5AD6-482E-A207-3D947E2475F7}"
EndProject
Global
	GlobalSection(SolutionConfigurationPlatforms) = preSolution
		Debug|Any CPU = Debug|Any CPU
		Release|Any CPU = Release|Any CPU
	EndGlobalSection
	GlobalSection(ProjectConfigurationPlatforms) = postSolution
		{BCFBAD95-5AD6-482E-A207-3D947E2475F7}.Debug|Any CPU.ActiveCfg = Debug|Any CPU
		{BCFBAD95-5AD6-482E-A207-3D947E2475F7}.Debug|Any CPU.Build.0 = Debug|Any CPU
		{BCFBAD95-5AD6-482E-A207-3D947E2475F7}.Release|Any CPU.ActiveCfg = Release|Any CPU
		{BCFBAD95-5AD6-482E-A207-3D947E2475F7}.Release|Any CPU.Build.0 = Release|Any CPU
	EndGlobalSection
	GlobalSection(SolutionProperties) = preSolution
		HideSolutionNode = FALSE
	EndGlobalSection
	GlobalSection(ExtensibilityGlobals) = postSolution
		SolutionGuid = {022F270E-10B0-4A03-8B14-D3D6FE5040F9}
	EndGlobalSection
EndGlobal
